
Microsoft Visual Studio Solution File, Format Version 12.00
Project("{FAE04EC0-301F-11D3-BF4B-00C04F79EFBC}") = "eraSandBox", "eraSandBox\eraSandBox.csproj", "{16EB4CB7-09BF-4819-B5B8-7E7AC7C64D4E}"
EndProject
Global
	GlobalSection(SolutionConfigurationPlatforms) = preSolution
		Debug|Any CPU = Debug|Any CPU
		Release|Any CPU = Release|Any CPU
	EndGlobalSection
	GlobalSection(ProjectConfigurationPlatforms) = postSolution
		{16EB4CB7-09BF-4819-B5B8-7E7AC7C64D4E}.Debug|Any CPU.ActiveCfg = Debug|Any CPU
		{16EB4CB7-09BF-4819-B5B8-7E7AC7C64D4E}.Debug|Any CPU.Build.0 = Debug|Any CPU
		{16EB4CB7-09BF-4819-B5B8-7E7AC7C64D4E}.Release|Any CPU.ActiveCfg = Release|Any CPU
		{16EB4CB7-09BF-4819-B5B8-7E7AC7C64D4E}.Release|Any CPU.Build.0 = Release|Any CPU
	EndGlobalSection
EndGlobal
